{
    "_meta": {
        "hash": {
            "sha256": "e7e7fbadc4732ad5bfa48bd90ef492362943ef749ecba60485bd295ddc19ba20"
        },
        "pipfile-spec": 6,
        "requires": {
            "python_version": "3.10"
        },
        "sources": [
            {
                "name": "pypi",
                "url": "https://pypi.org/simple",
                "verify_ssl": true
            }
        ]
    },
    "default": {
        "line-profiler": {
            "hashes": [
                "sha256:0783704f6bdd6d1029c193bb270b9e540f5b97ded662c74885b609d4bc016bfa",
                "sha256:0a5dad6fa4ebc70676574941a564cdae4e664bf54fd68a8f19799167a927a3db",
                "sha256:0e9f56be58b78bcfdc505987730b1a0099f8b2693c392879d0a8d1dd81a437d0",
                "sha256:0f281672166f7d403b927f3a8af1fa28125be6309d0e8a3910770037b5abc7be",
                "sha256:12bf7dc576707760d58efb221f4ee36cc9ec3e514733186c807fe6839c65a9e6",
                "sha256:1847946c78be769d3b053879bc2df6e7eed7800e2e3b35a297043d656b4bb2f9",
                "sha256:3873394ea9d66d05da6ed0f9f92e7463c44b716aadd034a603faad60a73577c6",
                "sha256:467de51ae6f154865f40e7d645462c8bbf9dedb6c432b1af173c099d79b81c2e",
                "sha256:48ce36c8fb17a64a494fb3ba0c591dd0fd2318bbe99c5c49da35f93257a5bc1a",
                "sha256:506ab549197844629834c5db4414517f474d862a90dc3920800f823db48e7601",
                "sha256:52780098491df001a1315c1bc3d8199edd440698f1aef4e78875f9f2181f79bb",
                "sha256:5a2654510d872e36c0737cc9358a94307c1db52bf906b3c92569c9bc067b896e",
                "sha256:5a727ddd521246fecd9a8aa918c81d2e7ebeef2c56af86be500280ec7ec720d1",
                "sha256:5e9c5c6ea82ad587ebe127a1f18b37634ce9e2d8b2065c2cb382dc5576551503",
                "sha256:659c3f99359825034a5becb7de2e19eeee96bbe60fface73059b446124b942d4",
                "sha256:6906259a2732c18f3f8c3f03cbe3899a640d4dd998d09a4c91d41140fd8bc686",
                "sha256:6eb244400492ffcbec0e6d5a52693828960a4c29f7d43c50190e4902bacad5be",
                "sha256:779a41bd7cceb5487abc1e985cf90bc0be7a61f369c32e9971e3b244153373da",
                "sha256:7fa9bec2d79374e32441fa46d284e4241f73d5e23b91cb3286c5573c29c2f218",
                "sha256:81404b2530e2f4cb0e69f8b624957caef2b313227380e6aa7d3ccef494941f91",
                "sha256:878479d3df35f6a3be83cb7ea5ee3df8f51003da6eca291242ebfecaf8cf940f",
                "sha256:8ed41b4dc4bb5cea01e423928c50e354452eb1eb1b29b8b3ec94ee02b045fdf9",
                "sha256:9bc4bf53a2c79c935a5e59645a6f5d9cc8618a4aded0d2116db5d4ebecab6dae",
                "sha256:9e7fbe5280927d1c647b43516aedc2f21b0bfad27f6bc531ebca9df7c77f2f7f",
                "sha256:a3337db24f51bda9f7c2fc5a135fc657c5cc818ba5905195a4f79f7489048bae",
                "sha256:a4b7e84d800bb466e461d827eaadbf0bce1476b76a29b92d24f524db028ae4e1",
                "sha256:ac886a51df9a5cec9dd9f483a63b88d1ecfff50151a9177f54931787e1c08575",
                "sha256:af5259ba7f7ef73f9b02874fcfda2b0b7b0093e64b148bcf0d444bfb1d08fdcc",
                "sha256:b1ba5076d8cf9fc7e18bb79884915d78f856a9f03e999e9c25ace462c4745bcb",
                "sha256:b35795dc56dae57e1bca9d3ed7f03ca5ad86de578da29434dcb3fcc590009120",
                "sha256:c5b579c7d1b3661e56c63f5052f96c81b7453e503e0c2950df79776181cc8007",
                "sha256:c60c0f5e14e17cf19d0f45dc25b406a47da57c667de6263281758fae0ec76ca0",
                "sha256:c6a19e39be62aa7d849fab9a7f61591365b41ae87fbf4321de5442cb460f1fb5",
                "sha256:d1bce3d49c8a0f89a04c41d95f256a48ee744d2cbca0c5fd859c928cddcccf3e",
                "sha256:d4ae74a784e3c878bb52cb819a971315547cec2cab8705571318995c045aae27",
                "sha256:db98ff49c1f4753959bb1e9b9835626cb817d1add6d480311938c373e9c4c5f7",
                "sha256:deb2eb9e9119d911debe23edcec8ea68a2cd70c9e3f753c96aaf4a86ca497e7e",
                "sha256:e18ce062d652dc04eb0ebe5df13d78fb4d83979b459f8bca476059f3a71636d1",
                "sha256:eb1d5e90862ac5385fdb002c40fe45bbf0396025dabc0565ac97efc622122274",
                "sha256:f170232f15d48fb4e7ca46fe4147a54dd930baa7ef07c04c38b53e0e826028b8",
                "sha256:f1fed42c6d070804d95990ad633f97778bc744f7569cb2b5a2cf5be05e932763",
                "sha256:fbe0036a306835978270a66c460c7b57869fe985ca620613321971d396de295f",
                "sha256:fdaac2e769e7d64cd3d19c4df5d26287e1cd362f47a1d3b42edd7c8420f40101"
            ],
            "index": "pypi",
            "version": "==4.0.3"
        },
        "memory-profiler": {
            "hashes": [
                "sha256:400348e61031e3942ad4d4109d18753b2fb08c2f6fb8290671c5513a34182d84",
                "sha256:4e5b73d7864a1d1292fb76a03e82a3e78ef934d06828a698d9dada76da2067b0"
            ],
            "index": "pypi",
            "version": "==0.61.0"
        },
        "psutil": {
            "hashes": [
                "sha256:104a5cc0e31baa2bcf67900be36acde157756b9c44017b86b2c049f11957887d",
                "sha256:3c6f686f4225553615612f6d9bc21f1c0e305f75d7d8454f9b46e901778e7217",
                "sha256:4aef137f3345082a3d3232187aeb4ac4ef959ba3d7c10c33dd73763fbc063da4",
                "sha256:5410638e4df39c54d957fc51ce03048acd8e6d60abc0f5107af51e5fb566eb3c",
                "sha256:5b9b8cb93f507e8dbaf22af6a2fd0ccbe8244bf30b1baad6b3954e935157ae3f",
                "sha256:7a7dd9997128a0d928ed4fb2c2d57e5102bb6089027939f3b722f3a210f9a8da",
                "sha256:89518112647f1276b03ca97b65cc7f64ca587b1eb0278383017c2a0dcc26cbe4",
                "sha256:8c5f7c5a052d1d567db4ddd231a9d27a74e8e4a9c3f44b1032762bd7b9fdcd42",
                "sha256:ab8ed1a1d77c95453db1ae00a3f9c50227ebd955437bcf2a574ba8adbf6a74d5",
                "sha256:acf2aef9391710afded549ff602b5887d7a2349831ae4c26be7c807c0a39fac4",
                "sha256:b258c0c1c9d145a1d5ceffab1134441c4c5113b2417fafff7315a917a026c3c9",
                "sha256:be8929ce4313f9f8146caad4272f6abb8bf99fc6cf59344a3167ecd74f4f203f",
                "sha256:c607bb3b57dc779d55e1554846352b4e358c10fff3abf3514a7a6601beebdb30",
                "sha256:ea8518d152174e1249c4f2a1c89e3e6065941df2fa13a1ab45327716a23c2b48"
            ],
            "markers": "python_version >= '2.7' and python_version not in '3.0, 3.1, 3.2, 3.3'",
            "version": "==5.9.5"
        }
    },
    "develop": {}
}
